PODS:
  - FBSnapshotTestCase (2.1.4):
    - FBSnapshotTestCase/SwiftSupport (= 2.1.4)
  - FBSnapshotTestCase/Core (2.1.4)
  - FBSnapshotTestCase/SwiftSupport (2.1.4):
    - FBSnapshotTestCase/Core
  - IPaTokenView (2.3)

DEPENDENCIES:
  - FBSnapshotTestCase
  - IPaTokenView (from `../`)

SPEC REPOS:
  https://github.com/cocoapods/specs.git:
    - FBSnapshotTestCase

EXTERNAL SOURCES:
  IPaTokenView:
    :path: "../"

SPEC CHECKSUMS:
  FBSnapshotTestCase: 094f9f314decbabe373b87cc339bea235a63e07a
  IPaTokenView: 1ecba5fa63454c75e6823fb2dc3727be677f7462

PODFILE CHECKSUM: 760206100ddc9401711f5f293a6d19a36e795736

COCOAPODS: 1.7.0.beta.2
