// !$*UTF8*$!
{
	archiveVersion = 1;
	classes = {
	};
	objectVersion = 46;
	objects = {

/* Begin PBXBuildFile section */
		6E7F11A91CFD63AF009C6204 /* AppDelegate.swift in Sources */ = {isa = PBXBuildFile; fileRef = 6E7F11A81CFD63AF009C6204 /* AppDelegate.swift */; };
		6E7F11AB1CFD63AF009C6204 /* ViewController.swift in Sources */ = {isa = PBXBuildFile; fileRef = 6E7F11AA1CFD63AF009C6204 /* ViewController.swift */; };
		6E7F11AE1CFD63AF009C6204 /* Main.storyboard in Resources */ = {isa = PBXBuildFile; fileRef = 6E7F11AC1CFD63AF009C6204 /* Main.storyboard */; };
		6E7F11B01CFD63AF009C6204 /* Assets.xcassets in Resources */ = {isa = PBXBuildFile; fileRef = 6E7F11AF1CFD63AF009C6204 /* Assets.xcassets */; };
		6E7F11B31CFD63AF009C6204 /* LaunchScreen.storyboard in Resources */ = {isa = PBXBuildFile; fileRef = 6E7F11B11CFD63AF009C6204 /* LaunchScreen.storyboard */; };
		6E7F11BC1CFD690E009C6204 /* IPaTokenView.swift in Sources */ = {isa = PBXBuildFile; fileRef = 6E7F11BA1CFD690E009C6204 /* IPaTokenView.swift */; };
		6E7F11BD1CFD690E009C6204 /* IPaTokenCell.swift in Sources */ = {isa = PBXBuildFile; fileRef = 6E7F11BB1CFD690E009C6204 /* IPaTokenCell.swift */; };
		6E7F11BF1CFD790F009C6204 /* TestTokenObject.swift in Sources */ = {isa = PBXBuildFile; fileRef = 6E7F11BE1CFD790F009C6204 /* TestTokenObject.swift */; };
/* End PBXBuildFile section */

/* Begin PBXFileReference section */
		6E7F11A51CFD63AF009C6204 /* IPaTokenViewSample.app */ = {isa = PBXFileReference; explicitFileType = wrapper.application; includeInIndex = 0; path = IPaTokenViewSample.app; sourceTree = BUILT_PRODUCTS_DIR; };
		6E7F11A81CFD63AF009C6204 /* AppDelegate.swift */ = {isa = PBXFileReference; lastKnownFileType = sourcecode.swift; path = AppDelegate.swift; sourceTree = "<group>"; };
		6E7F11AA1CFD63AF009C6204 /* ViewController.swift */ = {isa = PBXFileReference; lastKnownFileType = sourcecode.swift; path = ViewController.swift; sourceTree = "<group>"; };
		6E7F11AD1CFD63AF009C6204 /* Base */ = {isa = PBXFileReference; lastKnownFileType = file.storyboard; name = Base; path = Base.lproj/Main.storyboard; sourceTree = "<group>"; };
		6E7F11AF1CFD63AF009C6204 /* Assets.xcassets */ = {isa = PBXFileReference; lastKnownFileType = folder.assetcatalog; path = Assets.xcassets; sourceTree = "<group>"; };
		6E7F11B21CFD63AF009C6204 /* Base */ = {isa = PBXFileReference; lastKnownFileType = file.storyboard; name = Base; path = Base.lproj/LaunchScreen.storyboard; sourceTree = "<group>"; };
		6E7F11B41CFD63AF009C6204 /* Info.plist */ = {isa = PBXFileReference; lastKnownFileType = text.plist.xml; path = Info.plist; sourceTree = "<group>"; };
		6E7F11BA1CFD690E009C6204 /* IPaTokenView.swift */ = {isa = PBXFileReference; fileEncoding = 4; lastKnownFileType = sourcecode.swift; name = IPaTokenView.swift; path = ../../IPaTokenView/IPaTokenView/IPaTokenView.swift; sourceTree = "<group>"; };
		6E7F11BB1CFD690E009C6204 /* IPaTokenCell.swift */ = {isa = PBXFileReference; fileEncoding = 4; lastKnownFileType = sourcecode.swift; name = IPaTokenCell.swift; path = ../../IPaTokenView/IPaTokenView/IPaTokenCell.swift; sourceTree = "<group>"; };
		6E7F11BE1CFD790F009C6204 /* TestTokenObject.swift */ = {isa = PBXFileReference; fileEncoding = 4; lastKnownFileType = sourcecode.swift; path = TestTokenObject.swift; sourceTree = "<group>"; };
/* End PBXFileReference section */

/* Begin PBXFrameworksBuildPhase section */
		6E7F11A21CFD63AF009C6204 /* Frameworks */ = {
			isa = PBXFrameworksBuildPhase;
			buildActionMask = 2147483647;
			files = (
			);
			runOnlyForDeploymentPostprocessing = 0;
		};
/* End PBXFrameworksBuildPhase section */

/* Begin PBXGroup section */
		6E7F119C1CFD63AF009C6204 = {
			isa = PBXGroup;
			children = (
				6E7F11A71CFD63AF009C6204 /* IPaTokenViewSample */,
				6E7F11A61CFD63AF009C6204 /* Products */,
			);
			sourceTree = "<group>";
		};
		6E7F11A61CFD63AF009C6204 /* Products */ = {
			isa = PBXGroup;
			children = (
				6E7F11A51CFD63AF009C6204 /* IPaTokenViewSample.app */,
			);
			name = Products;
			sourceTree = "<group>";
		};
		6E7F11A71CFD63AF009C6204 /* IPaTokenViewSample */ = {
			isa = PBXGroup;
			children = (
				6E7F11BA1CFD690E009C6204 /* IPaTokenView.swift */,
				6E7F11BB1CFD690E009C6204 /* IPaTokenCell.swift */,
				6E7F11A81CFD63AF009C6204 /* AppDelegate.swift */,
				6E7F11AA1CFD63AF009C6204 /* ViewController.swift */,
				6E7F11BE1CFD790F009C6204 /* TestTokenObject.swift */,
				6E7F11AC1CFD63AF009C6204 /* Main.storyboard */,
				6E7F11AF1CFD63AF009C6204 /* Assets.xcassets */,
				6E7F11B11CFD63AF009C6204 /* LaunchScreen.storyboard */,
				6E7F11B41CFD63AF009C6204 /* Info.plist */,
			);
			path = IPaTokenViewSample;
			sourceTree = "<group>";
		};
/* End PBXGroup section */

/* Begin PBXNativeTarget section */
		6E7F11A41CFD63AF009C6204 /* IPaTokenViewSample */ = {
			isa = PBXNativeTarget;
			buildConfigurationList = 6E7F11B71CFD63AF009C6204 /* Build configuration list for PBXNativeTarget "IPaTokenViewSample" */;
			buildPhases = (
				6E7F11A11CFD63AF009C6204 /* Sources */,
				6E7F11A21CFD63AF009C6204 /* Frameworks */,
				6E7F11A31CFD63AF009C6204 /* Resources */,
			);
			buildRules = (
			);
			dependencies = (
			);
			name = IPaTokenViewSample;
			productName = IPaTokenViewSample;
			productReference = 6E7F11A51CFD63AF009C6204 /* IPaTokenViewSample.app */;
			productType = "com.apple.product-type.application";
		};
/* End PBXNativeTarget section */

/* Begin PBXProject section */
		6E7F119D1CFD63AF009C6204 /* Project object */ = {
			isa = PBXProject;
			attributes = {
				LastSwiftUpdateCheck = 0730;
				LastUpgradeCheck = 0730;
				ORGANIZATIONNAME = AMagicStudio;
				TargetAttributes = {
					6E7F11A41CFD63AF009C6204 = {
						CreatedOnToolsVersion = 7.3.1;
					};
				};
			};
			buildConfigurationList = 6E7F11A01CFD63AF009C6204 /* Build configuration list for PBXProject "IPaTokenViewSample" */;
			compatibilityVersion = "Xcode 3.2";
			developmentRegion = English;
			hasScannedForEncodings = 0;
			knownRegions = (
				en,
				Base,
			);
			mainGroup = 6E7F119C1CFD63AF009C6204;
			productRefGroup = 6E7F11A61CFD63AF009C6204 /* Products */;
			projectDirPath = "";
			projectRoot = "";
			targets = (
				6E7F11A41CFD63AF009C6204 /* IPaTokenViewSample */,
			);
		};
/* End PBXProject section */

/* Begin PBXResourcesBuildPhase section */
		6E7F11A31CFD63AF009C6204 /* Resources */ = {
			isa = PBXResourcesBuildPhase;
			buildActionMask = 2147483647;
			files = (
				6E7F11B31CFD63AF009C6204 /* LaunchScreen.storyboard in Resources */,
				6E7F11B01CFD63AF009C6204 /* Assets.xcassets in Resources */,
				6E7F11AE1CFD63AF009C6204 /* Main.storyboard in Resources */,
			);
			runOnlyForDeploymentPostprocessing = 0;
		};
/* End PBXResourcesBuildPhase section */

/* Begin PBXSourcesBuildPhase section */
		6E7F11A11CFD63AF009C6204 /* Sources */ = {
			isa = PBXSourcesBuildPhase;
			buildActionMask = 2147483647;
			files = (
				6E7F11BD1CFD690E009C6204 /* IPaTokenCell.swift in Sources */,
				6E7F11AB1CFD63AF009C6204 /* ViewController.swift in Sources */,
				6E7F11A91CFD63AF009C6204 /* AppDelegate.swift in Sources */,
				6E7F11BC1CFD690E009C6204 /* IPaTokenView.swift in Sources */,
				6E7F11BF1CFD790F009C6204 /* TestTokenObject.swift in Sources */,
			);
			runOnlyForDeploymentPostprocessing = 0;
		};
/* End PBXSourcesBuildPhase section */

/* Begin PBXVariantGroup section */
		6E7F11AC1CFD63AF009C6204 /* Main.storyboard */ = {
			isa = PBXVariantGroup;
			children = (
				6E7F11AD1CFD63AF009C6204 /* Base */,
			);
			name = Main.storyboard;
			sourceTree = "<group>";
		};
		6E7F11B11CFD63AF009C6204 /* LaunchScreen.storyboard */ = {
			isa = PBXVariantGroup;
			children = (
				6E7F11B21CFD63AF009C6204 /* Base */,
			);
			name = LaunchScreen.storyboard;
			sourceTree = "<group>";
		};
/* End PBXVariantGroup section */

/* Begin XCBuildConfiguration section */
		6E7F11B51CFD63AF009C6204 /* Debug */ = {
			isa = XCBuildConfiguration;
			buildSettings = {
				ALWAYS_SEARCH_USER_PATHS = NO;
				CLANG_ANALYZER_NONNULL = YES;
				CLANG_CXX_LANGUAGE_STANDARD = "gnu++0x";
				CLANG_CXX_LIBRARY = "libc++";
				CLANG_ENABLE_MODULES = YES;
				CLANG_ENABLE_OBJC_ARC = YES;
				CLANG_WARN_BOOL_CONVERSION = YES;
				CLANG_WARN_CONSTANT_CONVERSION = YES;
				CLANG_WARN_DIRECT_OBJC_ISA_USAGE = YES_ERROR;
				CLANG_WARN_EMPTY_BODY = YES;
				CLANG_WARN_ENUM_CONVERSION = YES;
				CLANG_WARN_INT_CONVERSION = YES;
				CLANG_WARN_OBJC_ROOT_CLASS = YES_ERROR;
				CLANG_WARN_UNREACHABLE_CODE = YES;
				CLANG_WARN__DUPLICATE_METHOD_MATCH = YES;
				"CODE_SIGN_IDENTITY[sdk=iphoneos*]" = "iPhone Developer";
				COPY_PHASE_STRIP = NO;
				DEBUG_INFORMATION_FORMAT = dwarf;
				ENABLE_STRICT_OBJC_MSGSEND = YES;
				ENABLE_TESTABILITY = YES;
				GCC_C_LANGUAGE_STANDARD = gnu99;
				GCC_DYNAMIC_NO_PIC = NO;
				GCC_NO_COMMON_BLOCKS = YES;
				GCC_OPTIMIZATION_LEVEL = 0;
				GCC_PREPROCESSOR_DEFINITIONS = (
					"DEBUG=1",
					"$(inherited)",
				);
				GCC_WARN_64_TO_32_BIT_CONVERSION = YES;
				GCC_WARN_ABOUT_RETURN_TYPE = YES_ERROR;
				GCC_WARN_UNDECLARED_SELECTOR = YES;
				GCC_WARN_UNINITIALIZED_AUTOS = YES_AGGRESSIVE;
				GCC_WARN_UNUSED_FUNCTION = YES;
				GCC_WARN_UNUSED_VARIABLE = YES;
				IPHONEOS_DEPLOYMENT_TARGET = 9.3;
				MTL_ENABLE_DEBUG_INFO = YES;
				ONLY_ACTIVE_ARCH = YES;
				SDKROOT = iphoneos;
				SWIFT_OPTIMIZATION_LEVEL = "-Onone";
			};
			name = Debug;
		};
		6E7F11B61CFD63AF009C6204 /* Release */ = {
			isa = XCBuildConfiguration;
			buildSettings = {
				ALWAYS_SEARCH_USER_PATHS = NO;
				CLANG_ANALYZER_NONNULL = YES;
				CLANG_CXX_LANGUAGE_STANDARD = "gnu++0x";
				CLANG_CXX_LIBRARY = "libc++";
				CLANG_ENABLE_MODULES = YES;
				CLANG_ENABLE_OBJC_ARC = YES;
				CLANG_WARN_BOOL_CONVERSION = YES;
				CLANG_WARN_CONSTANT_CONVERSION = YES;
				CLANG_WARN_DIRECT_OBJC_ISA_USAGE = YES_ERROR;
				CLANG_WARN_EMPTY_BODY = YES;
				CLANG_WARN_ENUM_CONVERSION = YES;
				CLANG_WARN_INT_CONVERSION = YES;
				CLANG_WARN_OBJC_ROOT_CLASS = YES_ERROR;
				CLANG_WARN_UNREACHABLE_CODE = YES;
				CLANG_WARN__DUPLICATE_METHOD_MATCH = YES;
				"CODE_SIGN_IDENTITY[sdk=iphoneos*]" = "iPhone Developer";
				COPY_PHASE_STRIP = NO;
				DEBUG_INFORMATION_FORMAT = "dwarf-with-dsym";
				ENABLE_NS_ASSERTIONS = NO;
				ENABLE_STRICT_OBJC_MSGSEND = YES;
				GCC_C_LANGUAGE_STANDARD = gnu99;
				GCC_NO_COMMON_BLOCKS = YES;
				GCC_WARN_64_TO_32_BIT_CONVERSION = YES;
				GCC_WARN_ABOUT_RETURN_TYPE = YES_ERROR;
				GCC_WARN_UNDECLARED_SELECTOR = YES;
				GCC_WARN_UNINITIALIZED_AUTOS = YES_AGGRESSIVE;
				GCC_WARN_UNUSED_FUNCTION = YES;
				GCC_WARN_UNUSED_VARIABLE = YES;
				IPHONEOS_DEPLOYMENT_TARGET = 9.3;
				MTL_ENABLE_DEBUG_INFO = NO;
				SDKROOT = iphoneos;
				VALIDATE_PRODUCT = YES;
			};
			name = Release;
		};
		6E7F11B81CFD63AF009C6204 /* Debug */ = {
			isa = XCBuildConfiguration;
			buildSettings = {
				ASSETCATALOG_COMPILER_APPICON_NAME = AppIcon;
				FRAMEWORK_SEARCH_PATHS = "";
				HEADER_SEARCH_PATHS = "";
				INFOPLIST_FILE = IPaTokenViewSample/Info.plist;
				LD_RUNPATH_SEARCH_PATHS = "$(inherited) @executable_path/Frameworks";
				PRODUCT_BUNDLE_IDENTIFIER = com.AMagicStudio.IPaTokenViewSample;
				PRODUCT_NAME = "$(TARGET_NAME)";
			};
			name = Debug;
		};
		6E7F11B91CFD63AF009C6204 /* Release */ = {
			isa = XCBuildConfiguration;
			buildSettings = {
				ASSETCATALOG_COMPILER_APPICON_NAME = AppIcon;
				FRAMEWORK_SEARCH_PATHS = "";
				HEADER_SEARCH_PATHS = "";
				INFOPLIST_FILE = IPaTokenViewSample/Info.plist;
				LD_RUNPATH_SEARCH_PATHS = "$(inherited) @executable_path/Frameworks";
				PRODUCT_BUNDLE_IDENTIFIER = com.AMagicStudio.IPaTokenViewSample;
				PRODUCT_NAME = "$(TARGET_NAME)";
			};
			name = Release;
		};
/* End XCBuildConfiguration section */

/* Begin XCConfigurationList section */
		6E7F11A01CFD63AF009C6204 /* Build configuration list for PBXProject "IPaTokenViewSample" */ = {
			isa = XCConfigurationList;
			buildConfigurations = (
				6E7F11B51CFD63AF009C6204 /* Debug */,
				6E7F11B61CFD63AF009C6204 /* Release */,
			);
			defaultConfigurationIsVisible = 0;
			defaultConfigurationName = Release;
		};
		6E7F11B71CFD63AF009C6204 /* Build configuration list for PBXNativeTarget "IPaTokenViewSample" */ = {
			isa = XCConfigurationList;
			buildConfigurations = (
				6E7F11B81CFD63AF009C6204 /* Debug */,
				6E7F11B91CFD63AF009C6204 /* Release */,
			);
			defaultConfigurationIsVisible = 0;
			defaultConfigurationName = Release;
		};
/* End XCConfigurationList section */
	};
	rootObject = 6E7F119D1CFD63AF009C6204 /* Project object */;
}
